// !$*UTF8*$!
{
	archiveVersion = 1;
	classes = {
	};
	objectVersion = 50;
	objects = {

/* Begin PBXBuildFile section */
		BBF4C5E925A3D7F30093B448 /* LandmarksApp.swift in Sources */ = {isa = PBXBuildFile; fileRef = BBF4C5E825A3D7F30093B448 /* LandmarksApp.swift */; };
		BBF4C5EB25A3D7F30093B448 /* ContentView.swift in Sources */ = {isa = PBXBuildFile; fileRef = BBF4C5EA25A3D7F30093B448 /* ContentView.swift */; };
		BBF4C5ED25A3D7F70093B448 /* Assets.xcassets in Resources */ = {isa = PBXBuildFile; fileRef = BBF4C5EC25A3D7F70093B448 /* Assets.xcassets */; };
		BBF4C5F025A3D7F70093B448 /* Preview Assets.xcassets in Resources */ = {isa = PBXBuildFile; fileRef = BBF4C5EF25A3D7F70093B448 /* Preview Assets.xcassets */; };
		BBF4C5F225A3D7F70093B448 /* Persistence.swift in Sources */ = {isa = PBXBuildFile; fileRef = BBF4C5F125A3D7F70093B448 /* Persistence.swift */; };
		BBF4C5F525A3D7F70093B448 /* Landmarks.xcdatamodeld in Sources */ = {isa = PBXBuildFile; fileRef = BBF4C5F325A3D7F70093B448 /* Landmarks.xcdatamodeld */; };
		BBF4C60025A3D7F70093B448 /* LandmarksTests.swift in Sources */ = {isa = PBXBuildFile; fileRef = BBF4C5FF25A3D7F70093B448 /* LandmarksTests.swift */; };
		BBF4C60B25A3D7F70093B448 /* LandmarksUITests.swift in Sources */ = {isa = PBXBuildFile; fileRef = BBF4C60A25A3D7F70093B448 /* LandmarksUITests.swift */; };
/* End PBXBuildFile section */

/* Begin PBXContainerItemProxy section */
		BBF4C5FC25A3D7F70093B448 /* PBXContainerItemProxy */ = {
			isa = PBXContainerItemProxy;
			containerPortal = BBF4C5DD25A3D7F30093B448 /* Project object */;
			proxyType = 1;
			remoteGlobalIDString = BBF4C5E425A3D7F30093B448;
			remoteInfo = Landmarks;
		};
		BBF4C60725A3D7F70093B448 /* PBXContainerItemProxy */ = {
			isa = PBXContainerItemProxy;
			containerPortal = BBF4C5DD25A3D7F30093B448 /* Project object */;
			proxyType = 1;
			remoteGlobalIDString = BBF4C5E425A3D7F30093B448;
			remoteInfo = Landmarks;
		};
/* End PBXContainerItemProxy section */

/* Begin PBXFileReference section */
		BBF4C5E525A3D7F30093B448 /* Landmarks.app */ = {isa = PBXFileReference; explicitFileType = wrapper.application; includeInIndex = 0; path = Landmarks.app; sourceTree = BUILT_PRODUCTS_DIR; };
		BBF4C5E825A3D7F30093B448 /* LandmarksApp.swift */ = {isa = PBXFileReference; lastKnownFileType = sourcecode.swift; path = LandmarksApp.swift; sourceTree = "<group>"; };
		BBF4C5EA25A3D7F30093B448 /* ContentView.swift */ = {isa = PBXFileReference; lastKnownFileType = sourcecode.swift; path = ContentView.swift; sourceTree = "<group>"; };
		BBF4C5EC25A3D7F70093B448 /* Assets.xcassets */ = {isa = PBXFileReference; lastKnownFileType = folder.assetcatalog; path = Assets.xcassets; sourceTree = "<group>"; };
		BBF4C5EF25A3D7F70093B448 /* Preview Assets.xcassets */ = {isa = PBXFileReference; lastKnownFileType = folder.assetcatalog; path = "Preview Assets.xcassets"; sourceTree = "<group>"; };
		BBF4C5F125A3D7F70093B448 /* Persistence.swift */ = {isa = PBXFileReference; lastKnownFileType = sourcecode.swift; path = Persistence.swift; sourceTree = "<group>"; };
		BBF4C5F425A3D7F70093B448 /* Landmarks.xcdatamodel */ = {isa = PBXFileReference; lastKnownFileType = wrapper.xcdatamodel; path = Landmarks.xcdatamodel; sourceTree = "<group>"; };
		BBF4C5F625A3D7F70093B448 /* Info.plist */ = {isa = PBXFileReference; lastKnownFileType = text.plist.xml; path = Info.plist; sourceTree = "<group>"; };
		BBF4C5FB25A3D7F70093B448 /* LandmarksTests.xctest */ = {isa = PBXFileReference; explicitFileType = wrapper.cfbundle; includeInIndex = 0; path = LandmarksTests.xctest; sourceTree = BUILT_PRODUCTS_DIR; };
		BBF4C5FF25A3D7F70093B448 /* LandmarksTests.swift */ = {isa = PBXFileReference; lastKnownFileType = sourcecode.swift; path = LandmarksTests.swift; sourceTree = "<group>"; };
		BBF4C60125A3D7F70093B448 /* Info.plist */ = {isa = PBXFileReference; lastKnownFileType = text.plist.xml; path = Info.plist; sourceTree = "<group>"; };
		BBF4C60625A3D7F70093B448 /* LandmarksUITests.xctest */ = {isa = PBXFileReference; explicitFileType = wrapper.cfbundle; includeInIndex = 0; path = LandmarksUITests.xctest; sourceTree = BUILT_PRODUCTS_DIR; };
		BBF4C60A25A3D7F70093B448 /* LandmarksUITests.swift */ = {isa = PBXFileReference; lastKnownFileType = sourcecode.swift; path = LandmarksUITests.swift; sourceTree = "<group>"; };
		BBF4C60C25A3D7F70093B448 /* Info.plist */ = {isa = PBXFileReference; lastKnownFileType = text.plist.xml; path = Info.plist; sourceTree = "<group>"; };
/* End PBXFileReference section */

/* Begin PBXFrameworksBuildPhase section */
		BBF4C5E225A3D7F30093B448 /* Frameworks */ = {
			isa = PBXFrameworksBuildPhase;
			buildActionMask = 2147483647;
			files = (
			);
			runOnlyForDeploymentPostprocessing = 0;
		};
		BBF4C5F825A3D7F70093B448 /* Frameworks */ = {
			isa = PBXFrameworksBuildPhase;
			buildActionMask = 2147483647;
			files = (
			);
			runOnlyForDeploymentPostprocessing = 0;
		};
		BBF4C60325A3D7F70093B448 /* Frameworks */ = {
			isa = PBXFrameworksBuildPhase;
			buildActionMask = 2147483647;
			files = (
			);
			runOnlyForDeploymentPostprocessing = 0;
		};
/* End PBXFrameworksBuildPhase section */

/* Begin PBXGroup section */
		BBF4C5DC25A3D7F30093B448 = {
			isa = PBXGroup;
			children = (
				BBF4C5E725A3D7F30093B448 /* Landmarks */,
				BBF4C5FE25A3D7F70093B448 /* LandmarksTests */,
				BBF4C60925A3D7F70093B448 /* LandmarksUITests */,
				BBF4C5E625A3D7F30093B448 /* Products */,
			);
			sourceTree = "<group>";
		};
		BBF4C5E625A3D7F30093B448 /* Products */ = {
			isa = PBXGroup;
			children = (
				BBF4C5E525A3D7F30093B448 /* Landmarks.app */,
				BBF4C5FB25A3D7F70093B448 /* LandmarksTests.xctest */,
				BBF4C60625A3D7F70093B448 /* LandmarksUITests.xctest */,
			);
			name = Products;
			sourceTree = "<group>";
		};
		BBF4C5E725A3D7F30093B448 /* Landmarks */ = {
			isa = PBXGroup;
			children = (
				BBF4C5E825A3D7F30093B448 /* LandmarksApp.swift */,
				BBF4C5EA25A3D7F30093B448 /* ContentView.swift */,
				BBF4C5EC25A3D7F70093B448 /* Assets.xcassets */,
				BBF4C5F125A3D7F70093B448 /* Persistence.swift */,
				BBF4C5F625A3D7F70093B448 /* Info.plist */,
				BBF4C5F325A3D7F70093B448 /* Landmarks.xcdatamodeld */,
				BBF4C5EE25A3D7F70093B448 /* Preview Content */,
			);
			path = Landmarks;
			sourceTree = "<group>";
		};
		BBF4C5EE25A3D7F70093B448 /* Preview Content */ = {
			isa = PBXGroup;
			children = (
				BBF4C5EF25A3D7F70093B448 /* Preview Assets.xcassets */,
			);
			path = "Preview Content";
			sourceTree = "<group>";
		};
		BBF4C5FE25A3D7F70093B448 /* LandmarksTests */ = {
			isa = PBXGroup;
			children = (
				BBF4C5FF25A3D7F70093B448 /* LandmarksTests.swift */,
				BBF4C60125A3D7F70093B448 /* Info.plist */,
			);
			path = LandmarksTests;
			sourceTree = "<group>";
		};
		BBF4C60925A3D7F70093B448 /* LandmarksUITests */ = {
			isa = PBXGroup;
			children = (
				BBF4C60A25A3D7F70093B448 /* LandmarksUITests.swift */,
				BBF4C60C25A3D7F70093B448 /* Info.plist */,
			);
			path = LandmarksUITests;
			sourceTree = "<group>";
		};
/* End PBXGroup section */

/* Begin PBXNativeTarget section */
		BBF4C5E425A3D7F30093B448 /* Landmarks */ = {
			isa = PBXNativeTarget;
			buildConfigurationList = BBF4C60F25A3D7F70093B448 /* Build configuration list for PBXNativeTarget "Landmarks" */;
			buildPhases = (
				BBF4C5E125A3D7F30093B448 /* Sources */,
				BBF4C5E225A3D7F30093B448 /* Frameworks */,
				BBF4C5E325A3D7F30093B448 /* Resources */,
			);
			buildRules = (
			);
			dependencies = (
			);
			name = Landmarks;
			productName = Landmarks;
			productReference = BBF4C5E525A3D7F30093B448 /* Landmarks.app */;
			productType = "com.apple.product-type.application";
		};
		BBF4C5FA25A3D7F70093B448 /* LandmarksTests */ = {
			isa = PBXNativeTarget;
			buildConfigurationList = BBF4C61225A3D7F70093B448 /* Build configuration list for PBXNativeTarget "LandmarksTests" */;
			buildPhases = (
				BBF4C5F725A3D7F70093B448 /* Sources */,
				BBF4C5F825A3D7F70093B448 /* Frameworks */,
				BBF4C5F925A3D7F70093B448 /* Resources */,
			);
			buildRules = (
			);
			dependencies = (
				BBF4C5FD25A3D7F70093B448 /* PBXTargetDependency */,
			);
			name = LandmarksTests;
			productName = LandmarksTests;
			productReference = BBF4C5FB25A3D7F70093B448 /* LandmarksTests.xctest */;
			productType = "com.apple.product-type.bundle.unit-test";
		};
		BBF4C60525A3D7F70093B448 /* LandmarksUITests */ = {
			isa = PBXNativeTarget;
			buildConfigurationList = BBF4C61525A3D7F70093B448 /* Build configuration list for PBXNativeTarget "LandmarksUITests" */;
			buildPhases = (
				BBF4C60225A3D7F70093B448 /* Sources */,
				BBF4C60325A3D7F70093B448 /* Frameworks */,
				BBF4C60425A3D7F70093B448 /* Resources */,
			);
			buildRules = (
			);
			dependencies = (
				BBF4C60825A3D7F70093B448 /* PBXTargetDependency */,
			);
			name = LandmarksUITests;
			productName = LandmarksUITests;
			productReference = BBF4C60625A3D7F70093B448 /* LandmarksUITests.xctest */;
			productType = "com.apple.product-type.bundle.ui-testing";
		};
/* End PBXNativeTarget section */

/* Begin PBXProject section */
		BBF4C5DD25A3D7F30093B448 /* Project object */ = {
			isa = PBXProject;
			attributes = {
				LastSwiftUpdateCheck = 1230;
				LastUpgradeCheck = 1230;
				TargetAttributes = {
					BBF4C5E425A3D7F30093B448 = {
						CreatedOnToolsVersion = 12.3;
					};
					BBF4C5FA25A3D7F70093B448 = {
						CreatedOnToolsVersion = 12.3;
						TestTargetID = BBF4C5E425A3D7F30093B448;
					};
					BBF4C60525A3D7F70093B448 = {
						CreatedOnToolsVersion = 12.3;
						TestTargetID = BBF4C5E425A3D7F30093B448;
					};
				};
			};
			buildConfigurationList = BBF4C5E025A3D7F30093B448 /* Build configuration list for PBXProject "Landmarks" */;
			compatibilityVersion = "Xcode 9.3";
			developmentRegion = en;
			hasScannedForEncodings = 0;
			knownRegions = (
				en,
				Base,
			);
			mainGroup = BBF4C5DC25A3D7F30093B448;
			productRefGroup = BBF4C5E625A3D7F30093B448 /* Products */;
			projectDirPath = "";
			projectRoot = "";
			targets = (
				BBF4C5E425A3D7F30093B448 /* Landmarks */,
				BBF4C5FA25A3D7F70093B448 /* LandmarksTests */,
				BBF4C60525A3D7F70093B448 /* LandmarksUITests */,
			);
		};
/* End PBXProject section */

/* Begin PBXResourcesBuildPhase section */
		BBF4C5E325A3D7F30093B448 /* Resources */ = {
			isa = PBXResourcesBuildPhase;
			buildActionMask = 2147483647;
			files = (
				BBF4C5F025A3D7F70093B448 /* Preview Assets.xcassets in Resources */,
				BBF4C5ED25A3D7F70093B448 /* Assets.xcassets in Resources */,
			);
			runOnlyForDeploymentPostprocessing = 0;
		};
		BBF4C5F925A3D7F70093B448 /* Resources */ = {
			isa = PBXResourcesBuildPhase;
			buildActionMask = 2147483647;
			files = (
			);
			runOnlyForDeploymentPostprocessing = 0;
		};
		BBF4C60425A3D7F70093B448 /* Resources */ = {
			isa = PBXResourcesBuildPhase;
			buildActionMask = 2147483647;
			files = (
			);
			runOnlyForDeploymentPostprocessing = 0;
		};
/* End PBXResourcesBuildPhase section */

/* Begin PBXSourcesBuildPhase section */
		BBF4C5E125A3D7F30093B448 /* Sources */ = {
			isa = PBXSourcesBuildPhase;
			buildActionMask = 2147483647;
			files = (
				BBF4C5F225A3D7F70093B448 /* Persistence.swift in Sources */,
				BBF4C5EB25A3D7F30093B448 /* ContentView.swift in Sources */,
				BBF4C5E925A3D7F30093B448 /* LandmarksApp.swift in Sources */,
				BBF4C5F525A3D7F70093B448 /* Landmarks.xcdatamodeld in Sources */,
			);
			runOnlyForDeploymentPostprocessing = 0;
		};
		BBF4C5F725A3D7F70093B448 /* Sources */ = {
			isa = PBXSourcesBuildPhase;
			buildActionMask = 2147483647;
			files = (
				BBF4C60025A3D7F70093B448 /* LandmarksTests.swift in Sources */,
			);
			runOnlyForDeploymentPostprocessing = 0;
		};
		BBF4C60225A3D7F70093B448 /* Sources */ = {
			isa = PBXSourcesBuildPhase;
			buildActionMask = 2147483647;
			files = (
				BBF4C60B25A3D7F70093B448 /* LandmarksUITests.swift in Sources */,
			);
			runOnlyForDeploymentPostprocessing = 0;
		};
/* End PBXSourcesBuildPhase section */

/* Begin PBXTargetDependency section */
		BBF4C5FD25A3D7F70093B448 /* PBXTargetDependency */ = {
			isa = PBXTargetDependency;
			target = BBF4C5E425A3D7F30093B448 /* Landmarks */;
			targetProxy = BBF4C5FC25A3D7F70093B448 /* PBXContainerItemProxy */;
		};
		BBF4C60825A3D7F70093B448 /* PBXTargetDependency */ = {
			isa = PBXTargetDependency;
			target = BBF4C5E425A3D7F30093B448 /* Landmarks */;
			targetProxy = BBF4C60725A3D7F70093B448 /* PBXContainerItemProxy */;
		};
/* End PBXTargetDependency section */

/* Begin XCBuildConfiguration section */
		BBF4C60D25A3D7F70093B448 /* Debug */ = {
			isa = XCBuildConfiguration;
			buildSettings = {
				ALWAYS_SEARCH_USER_PATHS = NO;
				CLANG_ANALYZER_NONNULL = YES;
				CLANG_ANALYZER_NUMBER_OBJECT_CONVERSION = YES_AGGRESSIVE;
				CLANG_CXX_LANGUAGE_STANDARD = "gnu++14";
				CLANG_CXX_LIBRARY = "libc++";
				CLANG_ENABLE_MODULES = YES;
				CLANG_ENABLE_OBJC_ARC = YES;
				CLANG_ENABLE_OBJC_WEAK = YES;
				CLANG_WARN_BLOCK_CAPTURE_AUTORELEASING = YES;
				CLANG_WARN_BOOL_CONVERSION = YES;
				CLANG_WARN_COMMA = YES;
				CLANG_WARN_CONSTANT_CONVERSION = YES;
				CLANG_WARN_DEPRECATED_OBJC_IMPLEMENTATIONS = YES;
				CLANG_WARN_DIRECT_OBJC_ISA_USAGE = YES_ERROR;
				CLANG_WARN_DOCUMENTATION_COMMENTS = YES;
				CLANG_WARN_EMPTY_BODY = YES;
				CLANG_WARN_ENUM_CONVERSION = YES;
				CLANG_WARN_INFINITE_RECURSION = YES;
				CLANG_WARN_INT_CONVERSION = YES;
				CLANG_WARN_NON_LITERAL_NULL_CONVERSION = YES;
				CLANG_WARN_OBJC_IMPLICIT_RETAIN_SELF = YES;
				CLANG_WARN_OBJC_LITERAL_CONVERSION = YES;
				CLANG_WARN_OBJC_ROOT_CLASS = YES_ERROR;
				CLANG_WARN_QUOTED_INCLUDE_IN_FRAMEWORK_HEADER = YES;
				CLANG_WARN_RANGE_LOOP_ANALYSIS = YES;
				CLANG_WARN_STRICT_PROTOTYPES = YES;
				CLANG_WARN_SUSPICIOUS_MOVE = YES;
				CLANG_WARN_UNGUARDED_AVAILABILITY = YES_AGGRESSIVE;
				CLANG_WARN_UNREACHABLE_CODE = YES;
				CLANG_WARN__DUPLICATE_METHOD_MATCH = YES;
				COPY_PHASE_STRIP = NO;
				DEBUG_INFORMATION_FORMAT = dwarf;
				ENABLE_STRICT_OBJC_MSGSEND = YES;
				ENABLE_TESTABILITY = YES;
				GCC_C_LANGUAGE_STANDARD = gnu11;
				GCC_DYNAMIC_NO_PIC = NO;
				GCC_NO_COMMON_BLOCKS = YES;
				GCC_OPTIMIZATION_LEVEL = 0;
				GCC_PREPROCESSOR_DEFINITIONS = (
					"DEBUG=1",
					"$(inherited)",
				);
				GCC_WARN_64_TO_32_BIT_CONVERSION = YES;
				GCC_WARN_ABOUT_RETURN_TYPE = YES_ERROR;
				GCC_WARN_UNDECLARED_SELECTOR = YES;
				GCC_WARN_UNINITIALIZED_AUTOS = YES_AGGRESSIVE;
				GCC_WARN_UNUSED_FUNCTION = YES;
				GCC_WARN_UNUSED_VARIABLE = YES;
				IPHONEOS_DEPLOYMENT_TARGET = 14.3;
				MTL_ENABLE_DEBUG_INFO = INCLUDE_SOURCE;
				MTL_FAST_MATH = YES;
				ONLY_ACTIVE_ARCH = YES;
				SDKROOT = iphoneos;
				SWIFT_ACTIVE_COMPILATION_CONDITIONS = DEBUG;
				SWIFT_OPTIMIZATION_LEVEL = "-Onone";
			};
			name = Debug;
		};
		BBF4C60E25A3D7F70093B448 /* Release */ = {
			isa = XCBuildConfiguration;
			buildSettings = {
				ALWAYS_SEARCH_USER_PATHS = NO;
				CLANG_ANALYZER_NONNULL = YES;
				CLANG_ANALYZER_NUMBER_OBJECT_CONVERSION = YES_AGGRESSIVE;
				CLANG_CXX_LANGUAGE_STANDARD = "gnu++14";
				CLANG_CXX_LIBRARY = "libc++";
				CLANG_ENABLE_MODULES = YES;
				CLANG_ENABLE_OBJC_ARC = YES;
				CLANG_ENABLE_OBJC_WEAK = YES;
				CLANG_WARN_BLOCK_CAPTURE_AUTORELEASING = YES;
				CLANG_WARN_BOOL_CONVERSION = YES;
				CLANG_WARN_COMMA = YES;
				CLANG_WARN_CONSTANT_CONVERSION = YES;
				CLANG_WARN_DEPRECATED_OBJC_IMPLEMENTATIONS = YES;
				CLANG_WARN_DIRECT_OBJC_ISA_USAGE = YES_ERROR;
				CLANG_WARN_DOCUMENTATION_COMMENTS = YES;
				CLANG_WARN_EMPTY_BODY = YES;
				CLANG_WARN_ENUM_CONVERSION = YES;
				CLANG_WARN_INFINITE_RECURSION = YES;
				CLANG_WARN_INT_CONVERSION = YES;
				CLANG_WARN_NON_LITERAL_NULL_CONVERSION = YES;
				CLANG_WARN_OBJC_IMPLICIT_RETAIN_SELF = YES;
				CLANG_WARN_OBJC_LITERAL_CONVERSION = YES;
				CLANG_WARN_OBJC_ROOT_CLASS = YES_ERROR;
				CLANG_WARN_QUOTED_INCLUDE_IN_FRAMEWORK_HEADER = YES;
				CLANG_WARN_RANGE_LOOP_ANALYSIS = YES;
				CLANG_WARN_STRICT_PROTOTYPES = YES;
				CLANG_WARN_SUSPICIOUS_MOVE = YES;
				CLANG_WARN_UNGUARDED_AVAILABILITY = YES_AGGRESSIVE;
				CLANG_WARN_UNREACHABLE_CODE = YES;
				CLANG_WARN__DUPLICATE_METHOD_MATCH = YES;
				COPY_PHASE_STRIP = NO;
				DEBUG_INFORMATION_FORMAT = "dwarf-with-dsym";
				ENABLE_NS_ASSERTIONS = NO;
				ENABLE_STRICT_OBJC_MSGSEND = YES;
				GCC_C_LANGUAGE_STANDARD = gnu11;
				GCC_NO_COMMON_BLOCKS = YES;
				GCC_WARN_64_TO_32_BIT_CONVERSION = YES;
				GCC_WARN_ABOUT_RETURN_TYPE = YES_ERROR;
				GCC_WARN_UNDECLARED_SELECTOR = YES;
				GCC_WARN_UNINITIALIZED_AUTOS = YES_AGGRESSIVE;
				GCC_WARN_UNUSED_FUNCTION = YES;
				GCC_WARN_UNUSED_VARIABLE = YES;
				IPHONEOS_DEPLOYMENT_TARGET = 14.3;
				MTL_ENABLE_DEBUG_INFO = NO;
				MTL_FAST_MATH = YES;
				SDKROOT = iphoneos;
				SWIFT_COMPILATION_MODE = wholemodule;
				SWIFT_OPTIMIZATION_LEVEL = "-O";
				VALIDATE_PRODUCT = YES;
			};
			name = Release;
		};
		BBF4C61025A3D7F70093B448 /* Debug */ = {
			isa = XCBuildConfiguration;
			buildSettings = {
				ASSETCATALOG_COMPILER_APPICON_NAME = AppIcon;
				ASSETCATALOG_COMPILER_GLOBAL_ACCENT_COLOR_NAME = AccentColor;
				CODE_SIGN_STYLE = Automatic;
				DEVELOPMENT_ASSET_PATHS = "\"Landmarks/Preview Content\"";
				DEVELOPMENT_TEAM = 6DS55Q3936;
				ENABLE_PREVIEWS = YES;
				INFOPLIST_FILE = Landmarks/Info.plist;
				IPHONEOS_DEPLOYMENT_TARGET = 14.0;
				LD_RUNPATH_SEARCH_PATHS = (
					"$(inherited)",
					"@executable_path/Frameworks",
				);
				PRODUCT_BUNDLE_IDENTIFIER = com.skysuzuki.Landmarks;
				PRODUCT_NAME = "$(TARGET_NAME)";
				SWIFT_VERSION = 5.0;
				TARGETED_DEVICE_FAMILY = "1,2";
			};
			name = Debug;
		};
		BBF4C61125A3D7F70093B448 /* Release */ = {
			isa = XCBuildConfiguration;
			buildSettings = {
				ASSETCATALOG_COMPILER_APPICON_NAME = AppIcon;
				ASSETCATALOG_COMPILER_GLOBAL_ACCENT_COLOR_NAME = AccentColor;
				CODE_SIGN_STYLE = Automatic;
				DEVELOPMENT_ASSET_PATHS = "\"Landmarks/Preview Content\"";
				DEVELOPMENT_TEAM = 6DS55Q3936;
				ENABLE_PREVIEWS = YES;
				INFOPLIST_FILE = Landmarks/Info.plist;
				IPHONEOS_DEPLOYMENT_TARGET = 14.0;
				LD_RUNPATH_SEARCH_PATHS = (
					"$(inherited)",
					"@executable_path/Frameworks",
				);
				PRODUCT_BUNDLE_IDENTIFIER = com.skysuzuki.Landmarks;
				PRODUCT_NAME = "$(TARGET_NAME)";
				SWIFT_VERSION = 5.0;
				TARGETED_DEVICE_FAMILY = "1,2";
			};
			name = Release;
		};
		BBF4C61325A3D7F70093B448 /* Debug */ = {
			isa = XCBuildConfiguration;
			buildSettings = {
				ALWAYS_EMBED_SWIFT_STANDARD_LIBRARIES = YES;
				BUNDLE_LOADER = "$(TEST_HOST)";
				CODE_SIGN_STYLE = Automatic;
				DEVELOPMENT_TEAM = 6DS55Q3936;
				INFOPLIST_FILE = LandmarksTests/Info.plist;
				IPHONEOS_DEPLOYMENT_TARGET = 14.0;
				LD_RUNPATH_SEARCH_PATHS = (
					"$(inherited)",
					"@executable_path/Frameworks",
					"@loader_path/Frameworks",
				);
				PRODUCT_BUNDLE_IDENTIFIER = com.skysuzuki.LandmarksTests;
				PRODUCT_NAME = "$(TARGET_NAME)";
				SWIFT_VERSION = 5.0;
				TARGETED_DEVICE_FAMILY = "1,2";
				TEST_HOST = "$(BUILT_PRODUCTS_DIR)/Landmarks.app/Landmarks";
			};
			name = Debug;
		};
		BBF4C61425A3D7F70093B448 /* Release */ = {
			isa = XCBuildConfiguration;
			buildSettings = {
				ALWAYS_EMBED_SWIFT_STANDARD_LIBRARIES = YES;
				BUNDLE_LOADER = "$(TEST_HOST)";
				CODE_SIGN_STYLE = Automatic;
				DEVELOPMENT_TEAM = 6DS55Q3936;
				INFOPLIST_FILE = LandmarksTests/Info.plist;
				IPHONEOS_DEPLOYMENT_TARGET = 14.0;
				LD_RUNPATH_SEARCH_PATHS = (
					"$(inherited)",
					"@executable_path/Frameworks",
					"@loader_path/Frameworks",
				);
				PRODUCT_BUNDLE_IDENTIFIER = com.skysuzuki.LandmarksTests;
				PRODUCT_NAME = "$(TARGET_NAME)";
				SWIFT_VERSION = 5.0;
				TARGETED_DEVICE_FAMILY = "1,2";
				TEST_HOST = "$(BUILT_PRODUCTS_DIR)/Landmarks.app/Landmarks";
			};
			name = Release;
		};
		BBF4C61625A3D7F70093B448 /* Debug */ = {
			isa = XCBuildConfiguration;
			buildSettings = {
				ALWAYS_EMBED_SWIFT_STANDARD_LIBRARIES = YES;
				CODE_SIGN_STYLE = Automatic;
				DEVELOPMENT_TEAM = 6DS55Q3936;
				INFOPLIST_FILE = LandmarksUITests/Info.plist;
				LD_RUNPATH_SEARCH_PATHS = (
					"$(inherited)",
					"@executable_path/Frameworks",
					"@loader_path/Frameworks",
				);
				PRODUCT_BUNDLE_IDENTIFIER = com.skysuzuki.LandmarksUITests;
				PRODUCT_NAME = "$(TARGET_NAME)";
				SWIFT_VERSION = 5.0;
				TARGETED_DEVICE_FAMILY = "1,2";
				TEST_TARGET_NAME = Landmarks;
			};
			name = Debug;
		};
		BBF4C61725A3D7F70093B448 /* Release */ = {
			isa = XCBuildConfiguration;
			buildSettings = {
				ALWAYS_EMBED_SWIFT_STANDARD_LIBRARIES = YES;
				CODE_SIGN_STYLE = Automatic;
				DEVELOPMENT_TEAM = 6DS55Q3936;
				INFOPLIST_FILE = LandmarksUITests/Info.plist;
				LD_RUNPATH_SEARCH_PATHS = (
					"$(inherited)",
					"@executable_path/Frameworks",
					"@loader_path/Frameworks",
				);
				PRODUCT_BUNDLE_IDENTIFIER = com.skysuzuki.LandmarksUITests;
				PRODUCT_NAME = "$(TARGET_NAME)";
				SWIFT_VERSION = 5.0;
				TARGETED_DEVICE_FAMILY = "1,2";
				TEST_TARGET_NAME = Landmarks;
			};
			name = Release;
		};
/* End XCBuildConfiguration section */

/* Begin XCConfigurationList section */
		BBF4C5E025A3D7F30093B448 /* Build configuration list for PBXProject "Landmarks" */ = {
			isa = XCConfigurationList;
			buildConfigurations = (
				BBF4C60D25A3D7F70093B448 /* Debug */,
				BBF4C60E25A3D7F70093B448 /* Release */,
			);
			defaultConfigurationIsVisible = 0;
			defaultConfigurationName = Release;
		};
		BBF4C60F25A3D7F70093B448 /* Build configuration list for PBXNativeTarget "Landmarks" */ = {
			isa = XCConfigurationList;
			buildConfigurations = (
				BBF4C61025A3D7F70093B448 /* Debug */,
				BBF4C61125A3D7F70093B448 /* Release */,
			);
			defaultConfigurationIsVisible = 0;
			defaultConfigurationName = Release;
		};
		BBF4C61225A3D7F70093B448 /* Build configuration list for PBXNativeTarget "LandmarksTests" */ = {
			isa = XCConfigurationList;
			buildConfigurations = (
				BBF4C61325A3D7F70093B448 /* Debug */,
				BBF4C61425A3D7F70093B448 /* Release */,
			);
			defaultConfigurationIsVisible = 0;
			defaultConfigurationName = Release;
		};
		BBF4C61525A3D7F70093B448 /* Build configuration list for PBXNativeTarget "LandmarksUITests" */ = {
			isa = XCConfigurationList;
			buildConfigurations = (
				BBF4C61625A3D7F70093B448 /* Debug */,
				BBF4C61725A3D7F70093B448 /* Release */,
			);
			defaultConfigurationIsVisible = 0;
			defaultConfigurationName = Release;
		};
/* End XCConfigurationList section */

/* Begin XCVersionGroup section */
		BBF4C5F325A3D7F70093B448 /* Landmarks.xcdatamodeld */ = {
			isa = XCVersionGroup;
			children = (
				BBF4C5F425A3D7F70093B448 /* Landmarks.xcdatamodel */,
			);
			currentVersion = BBF4C5F425A3D7F70093B448 /* Landmarks.xcdatamodel */;
			path = Landmarks.xcdatamodeld;
			sourceTree = "<group>";
			versionGroupType = wrapper.xcdatamodel;
		};
/* End XCVersionGroup section */
	};
	rootObject = BBF4C5DD25A3D7F30093B448 /* Project object */;
}
