// !$*UTF8*$!
{
	archiveVersion = 1;
	classes = {
	};
	objectVersion = 50;
	objects = {

/* Begin PBXBuildFile section */
		BB99296625AD0204001EBD9D /* FavoriteButton.swift in Sources */ = {isa = PBXBuildFile; fileRef = BB99296525AD0204001EBD9D /* FavoriteButton.swift */; };
		BB99297125AF8D8B001EBD9D /* HexagonParameters.swift in Sources */ = {isa = PBXBuildFile; fileRef = BB99297025AF8D8B001EBD9D /* HexagonParameters.swift */; };
		BB99297425AF9023001EBD9D /* BadgeBackground.swift in Sources */ = {isa = PBXBuildFile; fileRef = BB99297325AF9023001EBD9D /* BadgeBackground.swift */; };
		BB99297825AF965A001EBD9D /* BadgeSymbol.swift in Sources */ = {isa = PBXBuildFile; fileRef = BB99297725AF965A001EBD9D /* BadgeSymbol.swift */; };
		BB99297C25AF9A62001EBD9D /* RotatedBadgeSymbol.swift in Sources */ = {isa = PBXBuildFile; fileRef = BB99297B25AF9A62001EBD9D /* RotatedBadgeSymbol.swift */; };
		BB99297F25AF9B0D001EBD9D /* Badge.swift in Sources */ = {isa = PBXBuildFile; fileRef = BB99297E25AF9B0D001EBD9D /* Badge.swift */; };
		BB99298825AFB26C001EBD9D /* hikeData.json in Resources */ = {isa = PBXBuildFile; fileRef = BB99298725AFB26C001EBD9D /* hikeData.json */; };
		BB99298B25AFB29B001EBD9D /* Hike.swift in Sources */ = {isa = PBXBuildFile; fileRef = BB99298A25AFB29B001EBD9D /* Hike.swift */; };
		BB99299425AFB3C4001EBD9D /* GraphCapsule.swift in Sources */ = {isa = PBXBuildFile; fileRef = BB99299025AFB3C4001EBD9D /* GraphCapsule.swift */; };
		BB99299525AFB3C4001EBD9D /* HikeGraph.swift in Sources */ = {isa = PBXBuildFile; fileRef = BB99299125AFB3C4001EBD9D /* HikeGraph.swift */; };
		BB99299625AFB3C4001EBD9D /* HikeDetail.swift in Sources */ = {isa = PBXBuildFile; fileRef = BB99299225AFB3C4001EBD9D /* HikeDetail.swift */; };
		BB99299725AFB3C4001EBD9D /* HikeView.swift in Sources */ = {isa = PBXBuildFile; fileRef = BB99299325AFB3C4001EBD9D /* HikeView.swift */; };
		BB99299D25B0EA37001EBD9D /* CategoryHome.swift in Sources */ = {isa = PBXBuildFile; fileRef = BB99299C25B0EA37001EBD9D /* CategoryHome.swift */; };
		BB9929A025B0EC23001EBD9D /* CategoryRow.swift in Sources */ = {isa = PBXBuildFile; fileRef = BB99299F25B0EC23001EBD9D /* CategoryRow.swift */; };
		BB9929A325B0EE22001EBD9D /* CategoryItem.swift in Sources */ = {isa = PBXBuildFile; fileRef = BB9929A225B0EE22001EBD9D /* CategoryItem.swift */; };
		BB9929AE25B79959001EBD9D /* Profile.swift in Sources */ = {isa = PBXBuildFile; fileRef = BB9929AD25B79959001EBD9D /* Profile.swift */; };
		BB9929B625B79A9E001EBD9D /* ProfileHost.swift in Sources */ = {isa = PBXBuildFile; fileRef = BB9929B525B79A9E001EBD9D /* ProfileHost.swift */; };
		BB9929BA25B79AF1001EBD9D /* ProfileSummary.swift in Sources */ = {isa = PBXBuildFile; fileRef = BB9929B925B79AF1001EBD9D /* ProfileSummary.swift */; };
		BB9929BD25B79C4B001EBD9D /* HikeBadge.swift in Sources */ = {isa = PBXBuildFile; fileRef = BB9929BC25B79C4B001EBD9D /* HikeBadge.swift */; };
		BB9929C025B7A1DA001EBD9D /* ProfileEditor.swift in Sources */ = {isa = PBXBuildFile; fileRef = BB9929BF25B7A1DA001EBD9D /* ProfileEditor.swift */; };
		BB9929C525BB6DFB001EBD9D /* PageViewController.swift in Sources */ = {isa = PBXBuildFile; fileRef = BB9929C425BB6DFB001EBD9D /* PageViewController.swift */; };
		BB9929C925BB706F001EBD9D /* FeatureCard.swift in Sources */ = {isa = PBXBuildFile; fileRef = BB9929C825BB706F001EBD9D /* FeatureCard.swift */; };
		BB9929CC25BB71E1001EBD9D /* PageView.swift in Sources */ = {isa = PBXBuildFile; fileRef = BB9929CB25BB71E1001EBD9D /* PageView.swift */; };
		BBF4C62825A3DA590093B448 /* LandmarksApp.swift in Sources */ = {isa = PBXBuildFile; fileRef = BBF4C62725A3DA590093B448 /* LandmarksApp.swift */; };
		BBF4C62A25A3DA590093B448 /* ContentView.swift in Sources */ = {isa = PBXBuildFile; fileRef = BBF4C62925A3DA590093B448 /* ContentView.swift */; };
		BBF4C62C25A3DA5E0093B448 /* Assets.xcassets in Resources */ = {isa = PBXBuildFile; fileRef = BBF4C62B25A3DA5E0093B448 /* Assets.xcassets */; };
		BBF4C62F25A3DA5E0093B448 /* Preview Assets.xcassets in Resources */ = {isa = PBXBuildFile; fileRef = BBF4C62E25A3DA5E0093B448 /* Preview Assets.xcassets */; };
		BBF4C63825A3DDF70093B448 /* CircleImage.swift in Sources */ = {isa = PBXBuildFile; fileRef = BBF4C63725A3DDF70093B448 /* CircleImage.swift */; };
		BBF4C63B25A3DEAA0093B448 /* MapView.swift in Sources */ = {isa = PBXBuildFile; fileRef = BBF4C63A25A3DEAA0093B448 /* MapView.swift */; };
		BBF4C63E25A8F7210093B448 /* landmarkData.json in Resources */ = {isa = PBXBuildFile; fileRef = BBF4C63D25A8F7210093B448 /* landmarkData.json */; };
		BBF4C64125A8F7400093B448 /* Landmark.swift in Sources */ = {isa = PBXBuildFile; fileRef = BBF4C64025A8F7400093B448 /* Landmark.swift */; };
		BBF4C64425A8FA090093B448 /* ModelData.swift in Sources */ = {isa = PBXBuildFile; fileRef = BBF4C64325A8FA090093B448 /* ModelData.swift */; };
		BBF4C64C25A8FD5E0093B448 /* LandmarkRow.swift in Sources */ = {isa = PBXBuildFile; fileRef = BBF4C64B25A8FD5E0093B448 /* LandmarkRow.swift */; };
		BBF4C65025A9017E0093B448 /* LandmarkList.swift in Sources */ = {isa = PBXBuildFile; fileRef = BBF4C64F25A9017E0093B448 /* LandmarkList.swift */; };
		BBF4C65325A902DA0093B448 /* LandmarkDetail.swift in Sources */ = {isa = PBXBuildFile; fileRef = BBF4C65225A902DA0093B448 /* LandmarkDetail.swift */; };
/* End PBXBuildFile section */

/* Begin PBXFileReference section */
		BB99296525AD0204001EBD9D /* FavoriteButton.swift */ = {isa = PBXFileReference; lastKnownFileType = sourcecode.swift; path = FavoriteButton.swift; sourceTree = "<group>"; };
		BB99297025AF8D8B001EBD9D /* HexagonParameters.swift */ = {isa = PBXFileReference; lastKnownFileType = sourcecode.swift; name = HexagonParameters.swift; path = Landmarks/Views/Badges/HexagonParameters.swift; sourceTree = SOURCE_ROOT; };
		BB99297325AF9023001EBD9D /* BadgeBackground.swift */ = {isa = PBXFileReference; lastKnownFileType = sourcecode.swift; path = BadgeBackground.swift; sourceTree = "<group>"; };
		BB99297725AF965A001EBD9D /* BadgeSymbol.swift */ = {isa = PBXFileReference; lastKnownFileType = sourcecode.swift; path = BadgeSymbol.swift; sourceTree = "<group>"; };
		BB99297B25AF9A62001EBD9D /* RotatedBadgeSymbol.swift */ = {isa = PBXFileReference; lastKnownFileType = sourcecode.swift; path = RotatedBadgeSymbol.swift; sourceTree = "<group>"; };
		BB99297E25AF9B0D001EBD9D /* Badge.swift */ = {isa = PBXFileReference; lastKnownFileType = sourcecode.swift; path = Badge.swift; sourceTree = "<group>"; };
		BB99298725AFB26C001EBD9D /* hikeData.json */ = {isa = PBXFileReference; fileEncoding = 4; lastKnownFileType = text.json; path = hikeData.json; sourceTree = "<group>"; };
		BB99298A25AFB29B001EBD9D /* Hike.swift */ = {isa = PBXFileReference; lastKnownFileType = sourcecode.swift; path = Hike.swift; sourceTree = "<group>"; };
		BB99299025AFB3C4001EBD9D /* GraphCapsule.swift */ = {isa = PBXFileReference; fileEncoding = 4; lastKnownFileType = sourcecode.swift; path = GraphCapsule.swift; sourceTree = "<group>"; };
		BB99299125AFB3C4001EBD9D /* HikeGraph.swift */ = {isa = PBXFileReference; fileEncoding = 4; lastKnownFileType = sourcecode.swift; path = HikeGraph.swift; sourceTree = "<group>"; };
		BB99299225AFB3C4001EBD9D /* HikeDetail.swift */ = {isa = PBXFileReference; fileEncoding = 4; lastKnownFileType = sourcecode.swift; path = HikeDetail.swift; sourceTree = "<group>"; };
		BB99299325AFB3C4001EBD9D /* HikeView.swift */ = {isa = PBXFileReference; fileEncoding = 4; lastKnownFileType = sourcecode.swift; path = HikeView.swift; sourceTree = "<group>"; };
		BB99299C25B0EA37001EBD9D /* CategoryHome.swift */ = {isa = PBXFileReference; lastKnownFileType = sourcecode.swift; path = CategoryHome.swift; sourceTree = "<group>"; };
		BB99299F25B0EC23001EBD9D /* CategoryRow.swift */ = {isa = PBXFileReference; lastKnownFileType = sourcecode.swift; path = CategoryRow.swift; sourceTree = "<group>"; };
		BB9929A225B0EE22001EBD9D /* CategoryItem.swift */ = {isa = PBXFileReference; lastKnownFileType = sourcecode.swift; path = CategoryItem.swift; sourceTree = "<group>"; };
		BB9929AD25B79959001EBD9D /* Profile.swift */ = {isa = PBXFileReference; lastKnownFileType = sourcecode.swift; path = Profile.swift; sourceTree = "<group>"; };
		BB9929B525B79A9E001EBD9D /* ProfileHost.swift */ = {isa = PBXFileReference; lastKnownFileType = sourcecode.swift; path = ProfileHost.swift; sourceTree = "<group>"; };
		BB9929B925B79AF1001EBD9D /* ProfileSummary.swift */ = {isa = PBXFileReference; lastKnownFileType = sourcecode.swift; path = ProfileSummary.swift; sourceTree = "<group>"; };
		BB9929BC25B79C4B001EBD9D /* HikeBadge.swift */ = {isa = PBXFileReference; lastKnownFileType = sourcecode.swift; path = HikeBadge.swift; sourceTree = "<group>"; };
		BB9929BF25B7A1DA001EBD9D /* ProfileEditor.swift */ = {isa = PBXFileReference; lastKnownFileType = sourcecode.swift; path = ProfileEditor.swift; sourceTree = "<group>"; };
		BB9929C425BB6DFB001EBD9D /* PageViewController.swift */ = {isa = PBXFileReference; lastKnownFileType = sourcecode.swift; path = PageViewController.swift; sourceTree = "<group>"; };
		BB9929C825BB706F001EBD9D /* FeatureCard.swift */ = {isa = PBXFileReference; lastKnownFileType = sourcecode.swift; path = FeatureCard.swift; sourceTree = "<group>"; };
		BB9929CB25BB71E1001EBD9D /* PageView.swift */ = {isa = PBXFileReference; lastKnownFileType = sourcecode.swift; path = PageView.swift; sourceTree = "<group>"; };
		BBF4C62425A3DA590093B448 /* Landmarks.app */ = {isa = PBXFileReference; explicitFileType = wrapper.application; includeInIndex = 0; path = Landmarks.app; sourceTree = BUILT_PRODUCTS_DIR; };
		BBF4C62725A3DA590093B448 /* LandmarksApp.swift */ = {isa = PBXFileReference; lastKnownFileType = sourcecode.swift; path = LandmarksApp.swift; sourceTree = "<group>"; };
		BBF4C62925A3DA590093B448 /* ContentView.swift */ = {isa = PBXFileReference; lastKnownFileType = sourcecode.swift; path = ContentView.swift; sourceTree = "<group>"; };
		BBF4C62B25A3DA5E0093B448 /* Assets.xcassets */ = {isa = PBXFileReference; lastKnownFileType = folder.assetcatalog; path = Assets.xcassets; sourceTree = "<group>"; };
		BBF4C62E25A3DA5E0093B448 /* Preview Assets.xcassets */ = {isa = PBXFileReference; lastKnownFileType = folder.assetcatalog; path = "Preview Assets.xcassets"; sourceTree = "<group>"; };
		BBF4C63025A3DA5E0093B448 /* Info.plist */ = {isa = PBXFileReference; lastKnownFileType = text.plist.xml; path = Info.plist; sourceTree = "<group>"; };
		BBF4C63725A3DDF70093B448 /* CircleImage.swift */ = {isa = PBXFileReference; lastKnownFileType = sourcecode.swift; path = CircleImage.swift; sourceTree = "<group>"; };
		BBF4C63A25A3DEAA0093B448 /* MapView.swift */ = {isa = PBXFileReference; lastKnownFileType = sourcecode.swift; path = MapView.swift; sourceTree = "<group>"; };
		BBF4C63D25A8F7210093B448 /* landmarkData.json */ = {isa = PBXFileReference; fileEncoding = 4; lastKnownFileType = text.json; path = landmarkData.json; sourceTree = "<group>"; };
		BBF4C64025A8F7400093B448 /* Landmark.swift */ = {isa = PBXFileReference; lastKnownFileType = sourcecode.swift; path = Landmark.swift; sourceTree = "<group>"; };
		BBF4C64325A8FA090093B448 /* ModelData.swift */ = {isa = PBXFileReference; lastKnownFileType = sourcecode.swift; path = ModelData.swift; sourceTree = "<group>"; };
		BBF4C64B25A8FD5E0093B448 /* LandmarkRow.swift */ = {isa = PBXFileReference; lastKnownFileType = sourcecode.swift; path = LandmarkRow.swift; sourceTree = "<group>"; };
		BBF4C64F25A9017E0093B448 /* LandmarkList.swift */ = {isa = PBXFileReference; lastKnownFileType = sourcecode.swift; path = LandmarkList.swift; sourceTree = "<group>"; };
		BBF4C65225A902DA0093B448 /* LandmarkDetail.swift */ = {isa = PBXFileReference; lastKnownFileType = sourcecode.swift; path = LandmarkDetail.swift; sourceTree = "<group>"; };
/* End PBXFileReference section */

/* Begin PBXFrameworksBuildPhase section */
		BBF4C62125A3DA590093B448 /* Frameworks */ = {
			isa = PBXFrameworksBuildPhase;
			buildActionMask = 2147483647;
			files = (
			);
			runOnlyForDeploymentPostprocessing = 0;
		};
/* End PBXFrameworksBuildPhase section */

/* Begin PBXGroup section */
		BB99296825AD028F001EBD9D /* Landmarks */ = {
			isa = PBXGroup;
			children = (
				BBF4C64B25A8FD5E0093B448 /* LandmarkRow.swift */,
				BBF4C64F25A9017E0093B448 /* LandmarkList.swift */,
				BBF4C65225A902DA0093B448 /* LandmarkDetail.swift */,
				BB9929C825BB706F001EBD9D /* FeatureCard.swift */,
			);
			path = Landmarks;
			sourceTree = "<group>";
		};
		BB99296925AD029C001EBD9D /* Helpers */ = {
			isa = PBXGroup;
			children = (
				BB99296525AD0204001EBD9D /* FavoriteButton.swift */,
				BBF4C63725A3DDF70093B448 /* CircleImage.swift */,
				BBF4C63A25A3DEAA0093B448 /* MapView.swift */,
			);
			path = Helpers;
			sourceTree = "<group>";
		};
		BB99298125AF9CE6001EBD9D /* Badges */ = {
			isa = PBXGroup;
			children = (
				BB99297025AF8D8B001EBD9D /* HexagonParameters.swift */,
				BB99297325AF9023001EBD9D /* BadgeBackground.swift */,
				BB99297E25AF9B0D001EBD9D /* Badge.swift */,
				BB99297725AF965A001EBD9D /* BadgeSymbol.swift */,
				BB99297B25AF9A62001EBD9D /* RotatedBadgeSymbol.swift */,
			);
			path = Badges;
			sourceTree = "<group>";
		};
		BB99298F25AFB3C4001EBD9D /* Hikes */ = {
			isa = PBXGroup;
			children = (
				BB99299025AFB3C4001EBD9D /* GraphCapsule.swift */,
				BB99299125AFB3C4001EBD9D /* HikeGraph.swift */,
				BB99299225AFB3C4001EBD9D /* HikeDetail.swift */,
				BB99299325AFB3C4001EBD9D /* HikeView.swift */,
				BB9929BC25B79C4B001EBD9D /* HikeBadge.swift */,
			);
			path = Hikes;
			sourceTree = "<group>";
		};
		BB99299B25B0EA21001EBD9D /* Categories */ = {
			isa = PBXGroup;
			children = (
				BB99299C25B0EA37001EBD9D /* CategoryHome.swift */,
				BB99299F25B0EC23001EBD9D /* CategoryRow.swift */,
				BB9929A225B0EE22001EBD9D /* CategoryItem.swift */,
			);
			path = Categories;
			sourceTree = "<group>";
		};
		BB9929B425B79A83001EBD9D /* Profiles */ = {
			isa = PBXGroup;
			children = (
				BB9929B525B79A9E001EBD9D /* ProfileHost.swift */,
				BB9929B925B79AF1001EBD9D /* ProfileSummary.swift */,
				BB9929BF25B7A1DA001EBD9D /* ProfileEditor.swift */,
			);
			path = Profiles;
			sourceTree = "<group>";
		};
		BB9929C325BB6DE1001EBD9D /* PageView */ = {
			isa = PBXGroup;
			children = (
				BB9929C425BB6DFB001EBD9D /* PageViewController.swift */,
				BB9929CB25BB71E1001EBD9D /* PageView.swift */,
			);
			path = PageView;
			sourceTree = "<group>";
		};
		BBF4C61B25A3DA590093B448 = {
			isa = PBXGroup;
			children = (
				BBF4C62625A3DA590093B448 /* Landmarks */,
				BBF4C62525A3DA590093B448 /* Products */,
			);
			sourceTree = "<group>";
		};
		BBF4C62525A3DA590093B448 /* Products */ = {
			isa = PBXGroup;
			children = (
				BBF4C62425A3DA590093B448 /* Landmarks.app */,
			);
			name = Products;
			sourceTree = "<group>";
		};
		BBF4C62625A3DA590093B448 /* Landmarks */ = {
			isa = PBXGroup;
			children = (
				BBF4C62725A3DA590093B448 /* LandmarksApp.swift */,
				BBF4C64625A8FBB00093B448 /* Views */,
				BBF4C64725A8FBCD0093B448 /* Model */,
				BBF4C64925A8FBD80093B448 /* Resources */,
				BBF4C62B25A3DA5E0093B448 /* Assets.xcassets */,
				BBF4C63025A3DA5E0093B448 /* Info.plist */,
				BBF4C62D25A3DA5E0093B448 /* Preview Content */,
			);
			path = Landmarks;
			sourceTree = "<group>";
		};
		BBF4C62D25A3DA5E0093B448 /* Preview Content */ = {
			isa = PBXGroup;
			children = (
				BBF4C62E25A3DA5E0093B448 /* Preview Assets.xcassets */,
			);
			path = "Preview Content";
			sourceTree = "<group>";
		};
		BBF4C64625A8FBB00093B448 /* Views */ = {
			isa = PBXGroup;
			children = (
				BBF4C62925A3DA590093B448 /* ContentView.swift */,
				BB99299B25B0EA21001EBD9D /* Categories */,
				BB99298125AF9CE6001EBD9D /* Badges */,
				BB99296925AD029C001EBD9D /* Helpers */,
				BB99298F25AFB3C4001EBD9D /* Hikes */,
				BB99296825AD028F001EBD9D /* Landmarks */,
				BB9929C325BB6DE1001EBD9D /* PageView */,
				BB9929B425B79A83001EBD9D /* Profiles */,
			);
			path = Views;
			sourceTree = "<group>";
		};
		BBF4C64725A8FBCD0093B448 /* Model */ = {
			isa = PBXGroup;
			children = (
				BB99298A25AFB29B001EBD9D /* Hike.swift */,
				BBF4C64025A8F7400093B448 /* Landmark.swift */,
				BBF4C64325A8FA090093B448 /* ModelData.swift */,
				BB9929AD25B79959001EBD9D /* Profile.swift */,
			);
			path = Model;
			sourceTree = "<group>";
		};
		BBF4C64925A8FBD80093B448 /* Resources */ = {
			isa = PBXGroup;
			children = (
				BB99298725AFB26C001EBD9D /* hikeData.json */,
				BBF4C63D25A8F7210093B448 /* landmarkData.json */,
			);
			path = Resources;
			sourceTree = "<group>";
		};
/* End PBXGroup section */

/* Begin PBXNativeTarget section */
		BBF4C62325A3DA590093B448 /* Landmarks */ = {
			isa = PBXNativeTarget;
			buildConfigurationList = BBF4C63325A3DA5E0093B448 /* Build configuration list for PBXNativeTarget "Landmarks" */;
			buildPhases = (
				BBF4C62025A3DA590093B448 /* Sources */,
				BBF4C62125A3DA590093B448 /* Frameworks */,
				BBF4C62225A3DA590093B448 /* Resources */,
			);
			buildRules = (
			);
			dependencies = (
			);
			name = Landmarks;
			productName = Landmarks;
			productReference = BBF4C62425A3DA590093B448 /* Landmarks.app */;
			productType = "com.apple.product-type.application";
		};
/* End PBXNativeTarget section */

/* Begin PBXProject section */
		BBF4C61C25A3DA590093B448 /* Project object */ = {
			isa = PBXProject;
			attributes = {
				LastSwiftUpdateCheck = 1230;
				LastUpgradeCheck = 1230;
				TargetAttributes = {
					BBF4C62325A3DA590093B448 = {
						CreatedOnToolsVersion = 12.3;
					};
				};
			};
			buildConfigurationList = BBF4C61F25A3DA590093B448 /* Build configuration list for PBXProject "Landmarks" */;
			compatibilityVersion = "Xcode 9.3";
			developmentRegion = en;
			hasScannedForEncodings = 0;
			knownRegions = (
				en,
				Base,
			);
			mainGroup = BBF4C61B25A3DA590093B448;
			productRefGroup = BBF4C62525A3DA590093B448 /* Products */;
			projectDirPath = "";
			projectRoot = "";
			targets = (
				BBF4C62325A3DA590093B448 /* Landmarks */,
			);
		};
/* End PBXProject section */

/* Begin PBXResourcesBuildPhase section */
		BBF4C62225A3DA590093B448 /* Resources */ = {
			isa = PBXResourcesBuildPhase;
			buildActionMask = 2147483647;
			files = (
				BB99298825AFB26C001EBD9D /* hikeData.json in Resources */,
				BBF4C62F25A3DA5E0093B448 /* Preview Assets.xcassets in Resources */,
				BBF4C62C25A3DA5E0093B448 /* Assets.xcassets in Resources */,
				BBF4C63E25A8F7210093B448 /* landmarkData.json in Resources */,
			);
			runOnlyForDeploymentPostprocessing = 0;
		};
/* End PBXResourcesBuildPhase section */

/* Begin PBXSourcesBuildPhase section */
		BBF4C62025A3DA590093B448 /* Sources */ = {
			isa = PBXSourcesBuildPhase;
			buildActionMask = 2147483647;
			files = (
				BB9929A025B0EC23001EBD9D /* CategoryRow.swift in Sources */,
				BB9929AE25B79959001EBD9D /* Profile.swift in Sources */,
				BBF4C62A25A3DA590093B448 /* ContentView.swift in Sources */,
				BB99299D25B0EA37001EBD9D /* CategoryHome.swift in Sources */,
				BB9929C925BB706F001EBD9D /* FeatureCard.swift in Sources */,
				BB99299525AFB3C4001EBD9D /* HikeGraph.swift in Sources */,
				BB99297F25AF9B0D001EBD9D /* Badge.swift in Sources */,
				BBF4C63B25A3DEAA0093B448 /* MapView.swift in Sources */,
				BB99299425AFB3C4001EBD9D /* GraphCapsule.swift in Sources */,
				BBF4C62825A3DA590093B448 /* LandmarksApp.swift in Sources */,
				BB99296625AD0204001EBD9D /* FavoriteButton.swift in Sources */,
				BB9929A325B0EE22001EBD9D /* CategoryItem.swift in Sources */,
				BB99299625AFB3C4001EBD9D /* HikeDetail.swift in Sources */,
				BB9929BA25B79AF1001EBD9D /* ProfileSummary.swift in Sources */,
				BB99297125AF8D8B001EBD9D /* HexagonParameters.swift in Sources */,
				BB9929B625B79A9E001EBD9D /* ProfileHost.swift in Sources */,
				BB99298B25AFB29B001EBD9D /* Hike.swift in Sources */,
				BB99297C25AF9A62001EBD9D /* RotatedBadgeSymbol.swift in Sources */,
				BB9929CC25BB71E1001EBD9D /* PageView.swift in Sources */,
				BB99297825AF965A001EBD9D /* BadgeSymbol.swift in Sources */,
				BB9929C025B7A1DA001EBD9D /* ProfileEditor.swift in Sources */,
				BBF4C65025A9017E0093B448 /* LandmarkList.swift in Sources */,
				BB99299725AFB3C4001EBD9D /* HikeView.swift in Sources */,
				BB99297425AF9023001EBD9D /* BadgeBackground.swift in Sources */,
				BB9929C525BB6DFB001EBD9D /* PageViewController.swift in Sources */,
				BBF4C65325A902DA0093B448 /* LandmarkDetail.swift in Sources */,
				BB9929BD25B79C4B001EBD9D /* HikeBadge.swift in Sources */,
				BBF4C63825A3DDF70093B448 /* CircleImage.swift in Sources */,
				BBF4C64125A8F7400093B448 /* Landmark.swift in Sources */,
				BBF4C64C25A8FD5E0093B448 /* LandmarkRow.swift in Sources */,
				BBF4C64425A8FA090093B448 /* ModelData.swift in Sources */,
			);
			runOnlyForDeploymentPostprocessing = 0;
		};
/* End PBXSourcesBuildPhase section */

/* Begin XCBuildConfiguration section */
		BBF4C63125A3DA5E0093B448 /* Debug */ = {
			isa = XCBuildConfiguration;
			buildSettings = {
				ALWAYS_SEARCH_USER_PATHS = NO;
				CLANG_ANALYZER_NONNULL = YES;
				CLANG_ANALYZER_NUMBER_OBJECT_CONVERSION = YES_AGGRESSIVE;
				CLANG_CXX_LANGUAGE_STANDARD = "gnu++14";
				CLANG_CXX_LIBRARY = "libc++";
				CLANG_ENABLE_MODULES = YES;
				CLANG_ENABLE_OBJC_ARC = YES;
				CLANG_ENABLE_OBJC_WEAK = YES;
				CLANG_WARN_BLOCK_CAPTURE_AUTORELEASING = YES;
				CLANG_WARN_BOOL_CONVERSION = YES;
				CLANG_WARN_COMMA = YES;
				CLANG_WARN_CONSTANT_CONVERSION = YES;
				CLANG_WARN_DEPRECATED_OBJC_IMPLEMENTATIONS = YES;
				CLANG_WARN_DIRECT_OBJC_ISA_USAGE = YES_ERROR;
				CLANG_WARN_DOCUMENTATION_COMMENTS = YES;
				CLANG_WARN_EMPTY_BODY = YES;
				CLANG_WARN_ENUM_CONVERSION = YES;
				CLANG_WARN_INFINITE_RECURSION = YES;
				CLANG_WARN_INT_CONVERSION = YES;
				CLANG_WARN_NON_LITERAL_NULL_CONVERSION = YES;
				CLANG_WARN_OBJC_IMPLICIT_RETAIN_SELF = YES;
				CLANG_WARN_OBJC_LITERAL_CONVERSION = YES;
				CLANG_WARN_OBJC_ROOT_CLASS = YES_ERROR;
				CLANG_WARN_QUOTED_INCLUDE_IN_FRAMEWORK_HEADER = YES;
				CLANG_WARN_RANGE_LOOP_ANALYSIS = YES;
				CLANG_WARN_STRICT_PROTOTYPES = YES;
				CLANG_WARN_SUSPICIOUS_MOVE = YES;
				CLANG_WARN_UNGUARDED_AVAILABILITY = YES_AGGRESSIVE;
				CLANG_WARN_UNREACHABLE_CODE = YES;
				CLANG_WARN__DUPLICATE_METHOD_MATCH = YES;
				COPY_PHASE_STRIP = NO;
				DEBUG_INFORMATION_FORMAT = dwarf;
				ENABLE_STRICT_OBJC_MSGSEND = YES;
				ENABLE_TESTABILITY = YES;
				GCC_C_LANGUAGE_STANDARD = gnu11;
				GCC_DYNAMIC_NO_PIC = NO;
				GCC_NO_COMMON_BLOCKS = YES;
				GCC_OPTIMIZATION_LEVEL = 0;
				GCC_PREPROCESSOR_DEFINITIONS = (
					"DEBUG=1",
					"$(inherited)",
				);
				GCC_WARN_64_TO_32_BIT_CONVERSION = YES;
				GCC_WARN_ABOUT_RETURN_TYPE = YES_ERROR;
				GCC_WARN_UNDECLARED_SELECTOR = YES;
				GCC_WARN_UNINITIALIZED_AUTOS = YES_AGGRESSIVE;
				GCC_WARN_UNUSED_FUNCTION = YES;
				GCC_WARN_UNUSED_VARIABLE = YES;
				IPHONEOS_DEPLOYMENT_TARGET = 14.3;
				MTL_ENABLE_DEBUG_INFO = INCLUDE_SOURCE;
				MTL_FAST_MATH = YES;
				ONLY_ACTIVE_ARCH = YES;
				SDKROOT = iphoneos;
				SWIFT_ACTIVE_COMPILATION_CONDITIONS = DEBUG;
				SWIFT_OPTIMIZATION_LEVEL = "-Onone";
			};
			name = Debug;
		};
		BBF4C63225A3DA5E0093B448 /* Release */ = {
			isa = XCBuildConfiguration;
			buildSettings = {
				ALWAYS_SEARCH_USER_PATHS = NO;
				CLANG_ANALYZER_NONNULL = YES;
				CLANG_ANALYZER_NUMBER_OBJECT_CONVERSION = YES_AGGRESSIVE;
				CLANG_CXX_LANGUAGE_STANDARD = "gnu++14";
				CLANG_CXX_LIBRARY = "libc++";
				CLANG_ENABLE_MODULES = YES;
				CLANG_ENABLE_OBJC_ARC = YES;
				CLANG_ENABLE_OBJC_WEAK = YES;
				CLANG_WARN_BLOCK_CAPTURE_AUTORELEASING = YES;
				CLANG_WARN_BOOL_CONVERSION = YES;
				CLANG_WARN_COMMA = YES;
				CLANG_WARN_CONSTANT_CONVERSION = YES;
				CLANG_WARN_DEPRECATED_OBJC_IMPLEMENTATIONS = YES;
				CLANG_WARN_DIRECT_OBJC_ISA_USAGE = YES_ERROR;
				CLANG_WARN_DOCUMENTATION_COMMENTS = YES;
				CLANG_WARN_EMPTY_BODY = YES;
				CLANG_WARN_ENUM_CONVERSION = YES;
				CLANG_WARN_INFINITE_RECURSION = YES;
				CLANG_WARN_INT_CONVERSION = YES;
				CLANG_WARN_NON_LITERAL_NULL_CONVERSION = YES;
				CLANG_WARN_OBJC_IMPLICIT_RETAIN_SELF = YES;
				CLANG_WARN_OBJC_LITERAL_CONVERSION = YES;
				CLANG_WARN_OBJC_ROOT_CLASS = YES_ERROR;
				CLANG_WARN_QUOTED_INCLUDE_IN_FRAMEWORK_HEADER = YES;
				CLANG_WARN_RANGE_LOOP_ANALYSIS = YES;
				CLANG_WARN_STRICT_PROTOTYPES = YES;
				CLANG_WARN_SUSPICIOUS_MOVE = YES;
				CLANG_WARN_UNGUARDED_AVAILABILITY = YES_AGGRESSIVE;
				CLANG_WARN_UNREACHABLE_CODE = YES;
				CLANG_WARN__DUPLICATE_METHOD_MATCH = YES;
				COPY_PHASE_STRIP = NO;
				DEBUG_INFORMATION_FORMAT = "dwarf-with-dsym";
				ENABLE_NS_ASSERTIONS = NO;
				ENABLE_STRICT_OBJC_MSGSEND = YES;
				GCC_C_LANGUAGE_STANDARD = gnu11;
				GCC_NO_COMMON_BLOCKS = YES;
				GCC_WARN_64_TO_32_BIT_CONVERSION = YES;
				GCC_WARN_ABOUT_RETURN_TYPE = YES_ERROR;
				GCC_WARN_UNDECLARED_SELECTOR = YES;
				GCC_WARN_UNINITIALIZED_AUTOS = YES_AGGRESSIVE;
				GCC_WARN_UNUSED_FUNCTION = YES;
				GCC_WARN_UNUSED_VARIABLE = YES;
				IPHONEOS_DEPLOYMENT_TARGET = 14.3;
				MTL_ENABLE_DEBUG_INFO = NO;
				MTL_FAST_MATH = YES;
				SDKROOT = iphoneos;
				SWIFT_COMPILATION_MODE = wholemodule;
				SWIFT_OPTIMIZATION_LEVEL = "-O";
				VALIDATE_PRODUCT = YES;
			};
			name = Release;
		};
		BBF4C63425A3DA5E0093B448 /* Debug */ = {
			isa = XCBuildConfiguration;
			buildSettings = {
				ASSETCATALOG_COMPILER_APPICON_NAME = AppIcon;
				ASSETCATALOG_COMPILER_GLOBAL_ACCENT_COLOR_NAME = AccentColor;
				CODE_SIGN_STYLE = Automatic;
				DEVELOPMENT_ASSET_PATHS = "\"Landmarks/Preview Content\"";
				DEVELOPMENT_TEAM = 6DS55Q3936;
				ENABLE_PREVIEWS = YES;
				INFOPLIST_FILE = Landmarks/Info.plist;
				IPHONEOS_DEPLOYMENT_TARGET = 14.0;
				LD_RUNPATH_SEARCH_PATHS = (
					"$(inherited)",
					"@executable_path/Frameworks",
				);
				PRODUCT_BUNDLE_IDENTIFIER = com.skysuzuki.Landmarks;
				PRODUCT_NAME = "$(TARGET_NAME)";
				SWIFT_VERSION = 5.0;
				TARGETED_DEVICE_FAMILY = "1,2";
			};
			name = Debug;
		};
		BBF4C63525A3DA5E0093B448 /* Release */ = {
			isa = XCBuildConfiguration;
			buildSettings = {
				ASSETCATALOG_COMPILER_APPICON_NAME = AppIcon;
				ASSETCATALOG_COMPILER_GLOBAL_ACCENT_COLOR_NAME = AccentColor;
				CODE_SIGN_STYLE = Automatic;
				DEVELOPMENT_ASSET_PATHS = "\"Landmarks/Preview Content\"";
				DEVELOPMENT_TEAM = 6DS55Q3936;
				ENABLE_PREVIEWS = YES;
				INFOPLIST_FILE = Landmarks/Info.plist;
				IPHONEOS_DEPLOYMENT_TARGET = 14.0;
				LD_RUNPATH_SEARCH_PATHS = (
					"$(inherited)",
					"@executable_path/Frameworks",
				);
				PRODUCT_BUNDLE_IDENTIFIER = com.skysuzuki.Landmarks;
				PRODUCT_NAME = "$(TARGET_NAME)";
				SWIFT_VERSION = 5.0;
				TARGETED_DEVICE_FAMILY = "1,2";
			};
			name = Release;
		};
/* End XCBuildConfiguration section */

/* Begin XCConfigurationList section */
		BBF4C61F25A3DA590093B448 /* Build configuration list for PBXProject "Landmarks" */ = {
			isa = XCConfigurationList;
			buildConfigurations = (
				BBF4C63125A3DA5E0093B448 /* Debug */,
				BBF4C63225A3DA5E0093B448 /* Release */,
			);
			defaultConfigurationIsVisible = 0;
			defaultConfigurationName = Release;
		};
		BBF4C63325A3DA5E0093B448 /* Build configuration list for PBXNativeTarget "Landmarks" */ = {
			isa = XCConfigurationList;
			buildConfigurations = (
				BBF4C63425A3DA5E0093B448 /* Debug */,
				BBF4C63525A3DA5E0093B448 /* Release */,
			);
			defaultConfigurationIsVisible = 0;
			defaultConfigurationName = Release;
		};
/* End XCConfigurationList section */
	};
	rootObject = BBF4C61C25A3DA590093B448 /* Project object */;
}
